// !$*UTF8*$!
{
	archiveVersion = 1;
	classes = {
	};
	objectVersion = 77;
	objects = {

/* Begin PBXContainerItemProxy section */
		4204A29C2D8DDD7B004EE7B6 /* PBXContainerItemProxy */ = {
			isa = PBXContainerItemProxy;
			containerPortal = 4204A2832D8DDD79004EE7B6 /* Project object */;
			proxyType = 1;
			remoteGlobalIDString = 4204A28A2D8DDD79004EE7B6;
			remoteInfo = Uala;
		};
		4204A2A62D8DDD7B004EE7B6 /* PBXContainerItemProxy */ = {
			isa = PBXContainerItemProxy;
			containerPortal = 4204A2832D8DDD79004EE7B6 /* Project object */;
			proxyType = 1;
			remoteGlobalIDString = 4204A28A2D8DDD79004EE7B6;
			remoteInfo = Uala;
		};
/* End PBXContainerItemProxy section */

/* Begin PBXFileReference section */
		4204A28B2D8DDD79004EE7B6 /* Uala.app */ = {isa = PBXFileReference; explicitFileType = wrapper.application; includeInIndex = 0; path = Uala.app; sourceTree = BUILT_PRODUCTS_DIR; };
		4204A29B2D8DDD7B004EE7B6 /* UalaTests.xctest */ = {isa = PBXFileReference; explicitFileType = wrapper.cfbundle; includeInIndex = 0; path = UalaTests.xctest; sourceTree = BUILT_PRODUCTS_DIR; };
		4204A2A52D8DDD7B004EE7B6 /* UalaUITests.xctest */ = {isa = PBXFileReference; explicitFileType = wrapper.cfbundle; includeInIndex = 0; path = UalaUITests.xctest; sourceTree = BUILT_PRODUCTS_DIR; };
/* End PBXFileReference section */

/* Begin PBXFileSystemSynchronizedRootGroup section */
		4204A28D2D8DDD79004EE7B6 /* Uala */ = {
			isa = PBXFileSystemSynchronizedRootGroup;
			path = Uala;
			sourceTree = "<group>";
		};
		4204A29E2D8DDD7B004EE7B6 /* UalaTests */ = {
			isa = PBXFileSystemSynchronizedRootGroup;
			path = UalaTests;
			sourceTree = "<group>";
		};
		4204A2A82D8DDD7B004EE7B6 /* UalaUITests */ = {
			isa = PBXFileSystemSynchronizedRootGroup;
			path = UalaUITests;
			sourceTree = "<group>";
		};
/* End PBXFileSystemSynchronizedRootGroup section */

/* Begin PBXFrameworksBuildPhase section */
		4204A2882D8DDD79004EE7B6 /* Frameworks */ = {
			isa = PBXFrameworksBuildPhase;
			buildActionMask = 2147483647;
			files = (
			);
			runOnlyForDeploymentPostprocessing = 0;
		};
		4204A2982D8DDD7B004EE7B6 /* Frameworks */ = {
			isa = PBXFrameworksBuildPhase;
			buildActionMask = 2147483647;
			files = (
			);
			runOnlyForDeploymentPostprocessing = 0;
		};
		4204A2A22D8DDD7B004EE7B6 /* Frameworks */ = {
			isa = PBXFrameworksBuildPhase;
			buildActionMask = 2147483647;
			files = (
			);
			runOnlyForDeploymentPostprocessing = 0;
		};
/* End PBXFrameworksBuildPhase section */

/* Begin PBXGroup section */
		4204A2822D8DDD79004EE7B6 = {
			isa = PBXGroup;
			children = (
				4204A28D2D8DDD79004EE7B6 /* Uala */,
				4204A29E2D8DDD7B004EE7B6 /* UalaTests */,
				4204A2A82D8DDD7B004EE7B6 /* UalaUITests */,
				4204A28C2D8DDD79004EE7B6 /* Products */,
			);
			sourceTree = "<group>";
		};
		4204A28C2D8DDD79004EE7B6 /* Products */ = {
			isa = PBXGroup;
			children = (
				4204A28B2D8DDD79004EE7B6 /* Uala.app */,
				4204A29B2D8DDD7B004EE7B6 /* UalaTests.xctest */,
				4204A2A52D8DDD7B004EE7B6 /* UalaUITests.xctest */,
			);
			name = Products;
			sourceTree = "<group>";
		};
/* End PBXGroup section */

/* Begin PBXNativeTarget section */
		4204A28A2D8DDD79004EE7B6 /* Uala */ = {
			isa = PBXNativeTarget;
			buildConfigurationList = 4204A2AF2D8DDD7B004EE7B6 /* Build configuration list for PBXNativeTarget "Uala" */;
			buildPhases = (
				4204A2872D8DDD79004EE7B6 /* Sources */,
				4204A2882D8DDD79004EE7B6 /* Frameworks */,
				4204A2892D8DDD79004EE7B6 /* Resources */,
			);
			buildRules = (
			);
			dependencies = (
			);
			fileSystemSynchronizedGroups = (
				4204A28D2D8DDD79004EE7B6 /* Uala */,
			);
			name = Uala;
			packageProductDependencies = (
			);
			productName = Uala;
			productReference = 4204A28B2D8DDD79004EE7B6 /* Uala.app */;
			productType = "com.apple.product-type.application";
		};
		4204A29A2D8DDD7B004EE7B6 /* UalaTests */ = {
			isa = PBXNativeTarget;
			buildConfigurationList = 4204A2B22D8DDD7B004EE7B6 /* Build configuration list for PBXNativeTarget "UalaTests" */;
			buildPhases = (
				4204A2972D8DDD7B004EE7B6 /* Sources */,
				4204A2982D8DDD7B004EE7B6 /* Frameworks */,
				4204A2992D8DDD7B004EE7B6 /* Resources */,
			);
			buildRules = (
			);
			dependencies = (
				4204A29D2D8DDD7B004EE7B6 /* PBXTargetDependency */,
			);
			fileSystemSynchronizedGroups = (
				4204A29E2D8DDD7B004EE7B6 /* UalaTests */,
			);
			name = UalaTests;
			packageProductDependencies = (
			);
			productName = UalaTests;
			productReference = 4204A29B2D8DDD7B004EE7B6 /* UalaTests.xctest */;
			productType = "com.apple.product-type.bundle.unit-test";
		};
		4204A2A42D8DDD7B004EE7B6 /* UalaUITests */ = {
			isa = PBXNativeTarget;
			buildConfigurationList = 4204A2B52D8DDD7B004EE7B6 /* Build configuration list for PBXNativeTarget "UalaUITests" */;
			buildPhases = (
				4204A2A12D8DDD7B004EE7B6 /* Sources */,
				4204A2A22D8DDD7B004EE7B6 /* Frameworks */,
				4204A2A32D8DDD7B004EE7B6 /* Resources */,
			);
			buildRules = (
			);
			dependencies = (
				4204A2A72D8DDD7B004EE7B6 /* PBXTargetDependency */,
			);
			fileSystemSynchronizedGroups = (
				4204A2A82D8DDD7B004EE7B6 /* UalaUITests */,
			);
			name = UalaUITests;
			packageProductDependencies = (
			);
			productName = UalaUITests;
			productReference = 4204A2A52D8DDD7B004EE7B6 /* UalaUITests.xctest */;
			productType = "com.apple.product-type.bundle.ui-testing";
		};
/* End PBXNativeTarget section */

/* Begin PBXProject section */
		4204A2832D8DDD79004EE7B6 /* Project object */ = {
			isa = PBXProject;
			attributes = {
				BuildIndependentTargetsInParallel = 1;
				LastSwiftUpdateCheck = 1600;
				LastUpgradeCheck = 1600;
				TargetAttributes = {
					4204A28A2D8DDD79004EE7B6 = {
						CreatedOnToolsVersion = 16.0;
					};
					4204A29A2D8DDD7B004EE7B6 = {
						CreatedOnToolsVersion = 16.0;
						TestTargetID = 4204A28A2D8DDD79004EE7B6;
					};
					4204A2A42D8DDD7B004EE7B6 = {
						CreatedOnToolsVersion = 16.0;
						TestTargetID = 4204A28A2D8DDD79004EE7B6;
					};
				};
			};
			buildConfigurationList = 4204A2862D8DDD79004EE7B6 /* Build configuration list for PBXProject "Uala" */;
			developmentRegion = en;
			hasScannedForEncodings = 0;
			knownRegions = (
				en,
				Base,
			);
			mainGroup = 4204A2822D8DDD79004EE7B6;
			minimizedProjectReferenceProxies = 1;
			preferredProjectObjectVersion = 77;
			productRefGroup = 4204A28C2D8DDD79004EE7B6 /* Products */;
			projectDirPath = "";
			projectRoot = "";
			targets = (
				4204A28A2D8DDD79004EE7B6 /* Uala */,
				4204A29A2D8DDD7B004EE7B6 /* UalaTests */,
				4204A2A42D8DDD7B004EE7B6 /* UalaUITests */,
			);
		};
/* End PBXProject section */

/* Begin PBXResourcesBuildPhase section */
		4204A2892D8DDD79004EE7B6 /* Resources */ = {
			isa = PBXResourcesBuildPhase;
			buildActionMask = 2147483647;
			files = (
			);
			runOnlyForDeploymentPostprocessing = 0;
		};
		4204A2992D8DDD7B004EE7B6 /* Resources */ = {
			isa = PBXResourcesBuildPhase;
			buildActionMask = 2147483647;
			files = (
			);
			runOnlyForDeploymentPostprocessing = 0;
		};
		4204A2A32D8DDD7B004EE7B6 /* Resources */ = {
			isa = PBXResourcesBuildPhase;
			buildActionMask = 2147483647;
			files = (
			);
			runOnlyForDeploymentPostprocessing = 0;
		};
/* End PBXResourcesBuildPhase section */

/* Begin PBXSourcesBuildPhase section */
		4204A2872D8DDD79004EE7B6 /* Sources */ = {
			isa = PBXSourcesBuildPhase;
			buildActionMask = 2147483647;
			files = (
			);
			runOnlyForDeploymentPostprocessing = 0;
		};
		4204A2972D8DDD7B004EE7B6 /* Sources */ = {
			isa = PBXSourcesBuildPhase;
			buildActionMask = 2147483647;
			files = (
			);
			runOnlyForDeploymentPostprocessing = 0;
		};
		4204A2A12D8DDD7B004EE7B6 /* Sources */ = {
			isa = PBXSourcesBuildPhase;
			buildActionMask = 2147483647;
			files = (
			);
			runOnlyForDeploymentPostprocessing = 0;
		};
/* End PBXSourcesBuildPhase section */

/* Begin PBXTargetDependency section */
		4204A29D2D8DDD7B004EE7B6 /* PBXTargetDependency */ = {
			isa = PBXTargetDependency;
			target = 4204A28A2D8DDD79004EE7B6 /* Uala */;
			targetProxy = 4204A29C2D8DDD7B004EE7B6 /* PBXContainerItemProxy */;
		};
		4204A2A72D8DDD7B004EE7B6 /* PBXTargetDependency */ = {
			isa = PBXTargetDependency;
			target = 4204A28A2D8DDD79004EE7B6 /* Uala */;
			targetProxy = 4204A2A62D8DDD7B004EE7B6 /* PBXContainerItemProxy */;
		};
/* End PBXTargetDependency section */

/* Begin XCBuildConfiguration section */
		4204A2AD2D8DDD7B004EE7B6 /* Debug */ = {
			isa = XCBuildConfiguration;
			buildSettings = {
				ALWAYS_SEARCH_USER_PATHS = NO;
				ASSETCATALOG_COMPILER_GENERATE_SWIFT_ASSET_SYMBOL_EXTENSIONS = YES;
				CLANG_ANALYZER_NONNULL = YES;
				CLANG_ANALYZER_NUMBER_OBJECT_CONVERSION = YES_AGGRESSIVE;
				CLANG_CXX_LANGUAGE_STANDARD = "gnu++20";
				CLANG_ENABLE_MODULES = YES;
				CLANG_ENABLE_OBJC_ARC = YES;
				CLANG_ENABLE_OBJC_WEAK = YES;
				CLANG_WARN_BLOCK_CAPTURE_AUTORELEASING = YES;
				CLANG_WARN_BOOL_CONVERSION = YES;
				CLANG_WARN_COMMA = YES;
				CLANG_WARN_CONSTANT_CONVERSION = YES;
				CLANG_WARN_DEPRECATED_OBJC_IMPLEMENTATIONS = YES;
				CLANG_WARN_DIRECT_OBJC_ISA_USAGE = YES_ERROR;
				CLANG_WARN_DOCUMENTATION_COMMENTS = YES;
				CLANG_WARN_EMPTY_BODY = YES;
				CLANG_WARN_ENUM_CONVERSION = YES;
				CLANG_WARN_INFINITE_RECURSION = YES;
				CLANG_WARN_INT_CONVERSION = YES;
				CLANG_WARN_NON_LITERAL_NULL_CONVERSION = YES;
				CLANG_WARN_OBJC_IMPLICIT_RETAIN_SELF = YES;
				CLANG_WARN_OBJC_LITERAL_CONVERSION = YES;
				CLANG_WARN_OBJC_ROOT_CLASS = YES_ERROR;
				CLANG_WARN_QUOTED_INCLUDE_IN_FRAMEWORK_HEADER = YES;
				CLANG_WARN_RANGE_LOOP_ANALYSIS = YES;
				CLANG_WARN_STRICT_PROTOTYPES = YES;
				CLANG_WARN_SUSPICIOUS_MOVE = YES;
				CLANG_WARN_UNGUARDED_AVAILABILITY = YES_AGGRESSIVE;
				CLANG_WARN_UNREACHABLE_CODE = YES;
				CLANG_WARN__DUPLICATE_METHOD_MATCH = YES;
				COPY_PHASE_STRIP = NO;
				DEBUG_INFORMATION_FORMAT = dwarf;
				ENABLE_STRICT_OBJC_MSGSEND = YES;
				ENABLE_TESTABILITY = YES;
				ENABLE_USER_SCRIPT_SANDBOXING = YES;
				GCC_C_LANGUAGE_STANDARD = gnu17;
				GCC_DYNAMIC_NO_PIC = NO;
				GCC_NO_COMMON_BLOCKS = YES;
				GCC_OPTIMIZATION_LEVEL = 0;
				GCC_PREPROCESSOR_DEFINITIONS = (
					"DEBUG=1",
					"$(inherited)",
				);
				GCC_WARN_64_TO_32_BIT_CONVERSION = YES;
				GCC_WARN_ABOUT_RETURN_TYPE = YES_ERROR;
				GCC_WARN_UNDECLARED_SELECTOR = YES;
				GCC_WARN_UNINITIALIZED_AUTOS = YES_AGGRESSIVE;
				GCC_WARN_UNUSED_FUNCTION = YES;
				GCC_WARN_UNUSED_VARIABLE = YES;
				IPHONEOS_DEPLOYMENT_TARGET = 18.0;
				LOCALIZATION_PREFERS_STRING_CATALOGS = YES;
				MTL_ENABLE_DEBUG_INFO = INCLUDE_SOURCE;
				MTL_FAST_MATH = YES;
				ONLY_ACTIVE_ARCH = YES;
				SDKROOT = iphoneos;
				SWIFT_ACTIVE_COMPILATION_CONDITIONS = "DEBUG $(inherited)";
				SWIFT_OPTIMIZATION_LEVEL = "-Onone";
			};
			name = Debug;
		};
		4204A2AE2D8DDD7B004EE7B6 /* Release */ = {
			isa = XCBuildConfiguration;
			buildSettings = {
				ALWAYS_SEARCH_USER_PATHS = NO;
				ASSETCATALOG_COMPILER_GENERATE_SWIFT_ASSET_SYMBOL_EXTENSIONS = YES;
				CLANG_ANALYZER_NONNULL = YES;
				CLANG_ANALYZER_NUMBER_OBJECT_CONVERSION = YES_AGGRESSIVE;
				CLANG_CXX_LANGUAGE_STANDARD = "gnu++20";
				CLANG_ENABLE_MODULES = YES;
				CLANG_ENABLE_OBJC_ARC = YES;
				CLANG_ENABLE_OBJC_WEAK = YES;
				CLANG_WARN_BLOCK_CAPTURE_AUTORELEASING = YES;
				CLANG_WARN_BOOL_CONVERSION = YES;
				CLANG_WARN_COMMA = YES;
				CLANG_WARN_CONSTANT_CONVERSION = YES;
				CLANG_WARN_DEPRECATED_OBJC_IMPLEMENTATIONS = YES;
				CLANG_WARN_DIRECT_OBJC_ISA_USAGE = YES_ERROR;
				CLANG_WARN_DOCUMENTATION_COMMENTS = YES;
				CLANG_WARN_EMPTY_BODY = YES;
				CLANG_WARN_ENUM_CONVERSION = YES;
				CLANG_WARN_INFINITE_RECURSION = YES;
				CLANG_WARN_INT_CONVERSION = YES;
				CLANG_WARN_NON_LITERAL_NULL_CONVERSION = YES;
				CLANG_WARN_OBJC_IMPLICIT_RETAIN_SELF = YES;
				CLANG_WARN_OBJC_LITERAL_CONVERSION = YES;
				CLANG_WARN_OBJC_ROOT_CLASS = YES_ERROR;
				CLANG_WARN_QUOTED_INCLUDE_IN_FRAMEWORK_HEADER = YES;
				CLANG_WARN_RANGE_LOOP_ANALYSIS = YES;
				CLANG_WARN_STRICT_PROTOTYPES = YES;
				CLANG_WARN_SUSPICIOUS_MOVE = YES;
				CLANG_WARN_UNGUARDED_AVAILABILITY = YES_AGGRESSIVE;
				CLANG_WARN_UNREACHABLE_CODE = YES;
				CLANG_WARN__DUPLICATE_METHOD_MATCH = YES;
				COPY_PHASE_STRIP = NO;
				DEBUG_INFORMATION_FORMAT = "dwarf-with-dsym";
				ENABLE_NS_ASSERTIONS = NO;
				ENABLE_STRICT_OBJC_MSGSEND = YES;
				ENABLE_USER_SCRIPT_SANDBOXING = YES;
				GCC_C_LANGUAGE_STANDARD = gnu17;
				GCC_NO_COMMON_BLOCKS = YES;
				GCC_WARN_64_TO_32_BIT_CONVERSION = YES;
				GCC_WARN_ABOUT_RETURN_TYPE = YES_ERROR;
				GCC_WARN_UNDECLARED_SELECTOR = YES;
				GCC_WARN_UNINITIALIZED_AUTOS = YES_AGGRESSIVE;
				GCC_WARN_UNUSED_FUNCTION = YES;
				GCC_WARN_UNUSED_VARIABLE = YES;
				IPHONEOS_DEPLOYMENT_TARGET = 18.0;
				LOCALIZATION_PREFERS_STRING_CATALOGS = YES;
				MTL_ENABLE_DEBUG_INFO = NO;
				MTL_FAST_MATH = YES;
				SDKROOT = iphoneos;
				SWIFT_COMPILATION_MODE = wholemodule;
				VALIDATE_PRODUCT = YES;
			};
			name = Release;
		};
		4204A2B02D8DDD7B004EE7B6 /* Debug */ = {
			isa = XCBuildConfiguration;
			buildSettings = {
				ASSETCATALOG_COMPILER_APPICON_NAME = AppIcon;
				ASSETCATALOG_COMPILER_GLOBAL_ACCENT_COLOR_NAME = AccentColor;
				CODE_SIGN_STYLE = Automatic;
				CURRENT_PROJECT_VERSION = 1;
				DEVELOPMENT_ASSET_PATHS = "\"Uala/Preview Content\"";
				ENABLE_PREVIEWS = YES;
				GENERATE_INFOPLIST_FILE = YES;
				INFOPLIST_KEY_UIApplicationSceneManifest_Generation = YES;
				INFOPLIST_KEY_UIApplicationSupportsIndirectInputEvents = YES;
				INFOPLIST_KEY_UILaunchScreen_Generation = YES;
				INFOPLIST_KEY_UISupportedInterfaceOrientations_iPad = "UIInterfaceOrientationPortrait UIInterfaceOrientationPortraitUpsideDown UIInterfaceOrientationLandscapeLeft UIInterfaceOrientationLandscapeRight";
				INFOPLIST_KEY_UISupportedInterfaceOrientations_iPhone = "UIInterfaceOrientationPortrait UIInterfaceOrientationLandscapeLeft UIInterfaceOrientationLandscapeRight";
				LD_RUNPATH_SEARCH_PATHS = (
					"$(inherited)",
					"@executable_path/Frameworks",
				);
				MARKETING_VERSION = 1.0;
				PRODUCT_BUNDLE_IDENTIFIER = com.main.Uala;
				PRODUCT_NAME = "$(TARGET_NAME)";
				SWIFT_EMIT_LOC_STRINGS = YES;
				SWIFT_VERSION = 5.0;
				TARGETED_DEVICE_FAMILY = "1,2";
			};
			name = Debug;
		};
		4204A2B12D8DDD7B004EE7B6 /* Release */ = {
			isa = XCBuildConfiguration;
			buildSettings = {
				ASSETCATALOG_COMPILER_APPICON_NAME = AppIcon;
				ASSETCATALOG_COMPILER_GLOBAL_ACCENT_COLOR_NAME = AccentColor;
				CODE_SIGN_STYLE = Automatic;
				CURRENT_PROJECT_VERSION = 1;
				DEVELOPMENT_ASSET_PATHS = "\"Uala/Preview Content\"";
				ENABLE_PREVIEWS = YES;
				GENERATE_INFOPLIST_FILE = YES;
				INFOPLIST_KEY_UIApplicationSceneManifest_Generation = YES;
				INFOPLIST_KEY_UIApplicationSupportsIndirectInputEvents = YES;
				INFOPLIST_KEY_UILaunchScreen_Generation = YES;
				INFOPLIST_KEY_UISupportedInterfaceOrientations_iPad = "UIInterfaceOrientationPortrait UIInterfaceOrientationPortraitUpsideDown UIInterfaceOrientationLandscapeLeft UIInterfaceOrientationLandscapeRight";
				INFOPLIST_KEY_UISupportedInterfaceOrientations_iPhone = "UIInterfaceOrientationPortrait UIInterfaceOrientationLandscapeLeft UIInterfaceOrientationLandscapeRight";
				LD_RUNPATH_SEARCH_PATHS = (
					"$(inherited)",
					"@executable_path/Frameworks",
				);
				MARKETING_VERSION = 1.0;
				PRODUCT_BUNDLE_IDENTIFIER = com.main.Uala;
				PRODUCT_NAME = "$(TARGET_NAME)";
				SWIFT_EMIT_LOC_STRINGS = YES;
				SWIFT_VERSION = 5.0;
				TARGETED_DEVICE_FAMILY = "1,2";
			};
			name = Release;
		};
		4204A2B32D8DDD7B004EE7B6 /* Debug */ = {
			isa = XCBuildConfiguration;
			buildSettings = {
				BUNDLE_LOADER = "$(TEST_HOST)";
				CODE_SIGN_STYLE = Automatic;
				CURRENT_PROJECT_VERSION = 1;
				GENERATE_INFOPLIST_FILE = YES;
				IPHONEOS_DEPLOYMENT_TARGET = 18.0;
				MARKETING_VERSION = 1.0;
				PRODUCT_BUNDLE_IDENTIFIER = com.main.UalaTests;
				PRODUCT_NAME = "$(TARGET_NAME)";
				SWIFT_EMIT_LOC_STRINGS = NO;
				SWIFT_VERSION = 5.0;
				TARGETED_DEVICE_FAMILY = "1,2";
				TEST_HOST = "$(BUILT_PRODUCTS_DIR)/Uala.app/$(BUNDLE_EXECUTABLE_FOLDER_PATH)/Uala";
			};
			name = Debug;
		};
		4204A2B42D8DDD7B004EE7B6 /* Release */ = {
			isa = XCBuildConfiguration;
			buildSettings = {
				BUNDLE_LOADER = "$(TEST_HOST)";
				CODE_SIGN_STYLE = Automatic;
				CURRENT_PROJECT_VERSION = 1;
				GENERATE_INFOPLIST_FILE = YES;
				IPHONEOS_DEPLOYMENT_TARGET = 18.0;
				MARKETING_VERSION = 1.0;
				PRODUCT_BUNDLE_IDENTIFIER = com.main.UalaTests;
				PRODUCT_NAME = "$(TARGET_NAME)";
				SWIFT_EMIT_LOC_STRINGS = NO;
				SWIFT_VERSION = 5.0;
				TARGETED_DEVICE_FAMILY = "1,2";
				TEST_HOST = "$(BUILT_PRODUCTS_DIR)/Uala.app/$(BUNDLE_EXECUTABLE_FOLDER_PATH)/Uala";
			};
			name = Release;
		};
		4204A2B62D8DDD7B004EE7B6 /* Debug */ = {
			isa = XCBuildConfiguration;
			buildSettings = {
				CODE_SIGN_STYLE = Automatic;
				CURRENT_PROJECT_VERSION = 1;
				GENERATE_INFOPLIST_FILE = YES;
				MARKETING_VERSION = 1.0;
				PRODUCT_BUNDLE_IDENTIFIER = com.main.UalaUITests;
				PRODUCT_NAME = "$(TARGET_NAME)";
				SWIFT_EMIT_LOC_STRINGS = NO;
				SWIFT_VERSION = 5.0;
				TARGETED_DEVICE_FAMILY = "1,2";
				TEST_TARGET_NAME = Uala;
			};
			name = Debug;
		};
		4204A2B72D8DDD7B004EE7B6 /* Release */ = {
			isa = XCBuildConfiguration;
			buildSettings = {
				CODE_SIGN_STYLE = Automatic;
				CURRENT_PROJECT_VERSION = 1;
				GENERATE_INFOPLIST_FILE = YES;
				MARKETING_VERSION = 1.0;
				PRODUCT_BUNDLE_IDENTIFIER = com.main.UalaUITests;
				PRODUCT_NAME = "$(TARGET_NAME)";
				SWIFT_EMIT_LOC_STRINGS = NO;
				SWIFT_VERSION = 5.0;
				TARGETED_DEVICE_FAMILY = "1,2";
				TEST_TARGET_NAME = Uala;
			};
			name = Release;
		};
/* End XCBuildConfiguration section */

/* Begin XCConfigurationList section */
		4204A2862D8DDD79004EE7B6 /* Build configuration list for PBXProject "Uala" */ = {
			isa = XCConfigurationList;
			buildConfigurations = (
				4204A2AD2D8DDD7B004EE7B6 /* Debug */,
				4204A2AE2D8DDD7B004EE7B6 /* Release */,
			);
			defaultConfigurationIsVisible = 0;
			defaultConfigurationName = Release;
		};
		4204A2AF2D8DDD7B004EE7B6 /* Build configuration list for PBXNativeTarget "Uala" */ = {
			isa = XCConfigurationList;
			buildConfigurations = (
				4204A2B02D8DDD7B004EE7B6 /* Debug */,
				4204A2B12D8DDD7B004EE7B6 /* Release */,
			);
			defaultConfigurationIsVisible = 0;
			defaultConfigurationName = Release;
		};
		4204A2B22D8DDD7B004EE7B6 /* Build configuration list for PBXNativeTarget "UalaTests" */ = {
			isa = XCConfigurationList;
			buildConfigurations = (
				4204A2B32D8DDD7B004EE7B6 /* Debug */,
				4204A2B42D8DDD7B004EE7B6 /* Release */,
			);
			defaultConfigurationIsVisible = 0;
			defaultConfigurationName = Release;
		};
		4204A2B52D8DDD7B004EE7B6 /* Build configuration list for PBXNativeTarget "UalaUITests" */ = {
			isa = XCConfigurationList;
			buildConfigurations = (
				4204A2B62D8DDD7B004EE7B6 /* Debug */,
				4204A2B72D8DDD7B004EE7B6 /* Release */,
			);
			defaultConfigurationIsVisible = 0;
			defaultConfigurationName = Release;
		};
/* End XCConfigurationList section */
	};
	rootObject = 4204A2832D8DDD79004EE7B6 /* Project object */;
}
